
Microsoft Visual Studio Solution File, Format Version 12.00
# Visual Studio Version 17
VisualStudioVersion = 17.1.32414.318
MinimumVisualStudioVersion = 10.0.40219.1
Project("{FAE04EC0-301F-11D3-BF4B-00C04F79EFBC}") = "CarService", "CarService\CarService.csproj", "{A45C9736-F59D-4358-82F7-A27DD684CE89}"
EndProject
Project("{FAE04EC0-301F-11D3-BF4B-00C04F79EFBC}") = "CarServiceTest", "CarServiceTest\CarServiceTest.csproj", "{1CB0FFA6-D299-4FE3-A319-415280CCA19E}"
EndProject
Global
	GlobalSection(SolutionConfigurationPlatforms) = preSolution
		Debug|Any CPU = Debug|Any CPU
		Release|Any CPU = Release|Any CPU
	EndGlobalSection
	GlobalSection(ProjectConfigurationPlatforms) = postSolution
		{A45C9736-F59D-4358-82F7-A27DD684CE89}.Debug|Any CPU.ActiveCfg = Debug|Any CPU
		{A45C9736-F59D-4358-82F7-A27DD684CE89}.Debug|Any CPU.Build.0 = Debug|Any CPU
		{A45C9736-F59D-4358-82F7-A27DD684CE89}.Release|Any CPU.ActiveCfg = Release|Any CPU
		{A45C9736-F59D-4358-82F7-A27DD684CE89}.Release|Any CPU.Build.0 = Release|Any CPU
		{1CB0FFA6-D299-4FE3-A319-415280CCA19E}.Debug|Any CPU.ActiveCfg = Debug|Any CPU
		{1CB0FFA6-D299-4FE3-A319-415280CCA19E}.Debug|Any CPU.Build.0 = Debug|Any CPU
		{1CB0FFA6-D299-4FE3-A319-415280CCA19E}.Release|Any CPU.ActiveCfg = Release|Any CPU
		{1CB0FFA6-D299-4FE3-A319-415280CCA19E}.Release|Any CPU.Build.0 = Release|Any CPU
	EndGlobalSection
	GlobalSection(SolutionProperties) = preSolution
		HideSolutionNode = FALSE
	EndGlobalSection
	GlobalSection(ExtensibilityGlobals) = postSolution
		SolutionGuid = {0A1F59C5-690B-4558-9613-CBF8E29EE731}
	EndGlobalSection
EndGlobal
